
Microsoft Visual Studio Solution File, Format Version 12.00
# Visual Studio 15
VisualStudioVersion = 15.0.26730.12
MinimumVisualStudioVersion = 10.0.40219.1
Project("{FAE04EC0-301F-11D3-BF4B-00C04F79EFBC}") = "OnlineStore", "OnlineStore\OnlineStore.csproj", "{F9643A79-B73A-4956-A751-BE0E0DD4E366}"
EndProject
Global
	GlobalSection(SolutionConfigurationPlatforms) = preSolution
		Debug|Any CPU = Debug|Any CPU
		Release|Any CPU = Release|Any CPU
	EndGlobalSection
	GlobalSection(ProjectConfigurationPlatforms) = postSolution
		{F9643A79-B73A-4956-A751-BE0E0DD4E366}.Debug|Any CPU.ActiveCfg = Debug|Any CPU
		{F9643A79-B73A-4956-A751-BE0E0DD4E366}.Debug|Any CPU.Build.0 = Debug|Any CPU
		{F9643A79-B73A-4956-A751-BE0E0DD4E366}.Release|Any CPU.ActiveCfg = Release|Any CPU
		{F9643A79-B73A-4956-A751-BE0E0DD4E366}.Release|Any CPU.Build.0 = Release|Any CPU
	EndGlobalSection
	GlobalSection(SolutionProperties) = preSolution
		HideSolutionNode = FALSE
	EndGlobalSection
	GlobalSection(ExtensibilityGlobals) = postSolution
		SolutionGuid = {C1276E64-E8C0-4E97-8141-E3DB7F8DCCAE}
	EndGlobalSection
EndGlobal
